{
  "pins" : [
    {
      "identity" : "appsflyerframework",
      "kind" : "remoteSourceControl",
      "location" : "https://github.com/AppsFlyerSDK/AppsFlyerFramework",
      "state" : {
        "revision" : "d23b242b28c663618bce5fe9e2f3adb85b32bfb3",
        "version" : "6.17.9"
      }
    }
  ],
  "version" : 2
}
