{
  "pins" : [
    {
      "identity" : "appsflyerframework",
      "kind" : "remoteSourceControl",
      "location" : "https://github.com/AppsFlyerSDK/AppsFlyerFramework",
      "state" : {
        "revision" : "88269d96aed888416e5fabbe983f769aa9013d5c",
        "version" : "6.17.1"
      }
    }
  ],
  "version" : 2
}
