{
  "originHash" : "3a1a1e3d40aafc3f8bb0652c9c2f9cc12f9d8e98ec2ebff6c10cdd28ed6cc262",
  "pins" : [
    {
      "identity" : "appsflyerframework",
      "kind" : "remoteSourceControl",
      "location" : "https://github.com/AppsFlyerSDK/AppsFlyerFramework",
      "state" : {
        "revision" : "c91c3a46f9352891728cfc4583c209d683a999f9",
        "version" : "6.16.0"
      }
    }
  ],
  "version" : 3
}
